
Microsoft Visual Studio Solution File, Format Version 12.00
# Visual Studio 15
VisualStudioVersion = 15.0.28307.438
MinimumVisualStudioVersion = 10.0.40219.1
Project("{FAE04EC0-301F-11D3-BF4B-00C04F79EFBC}") = "KartaMuzyczna", "KartaMuzyczna\KartaMuzyczna.csproj", "{4EF83AA0-383C-4748-9317-F0C5853FEC65}"
EndProject
Global
	GlobalSection(SolutionConfigurationPlatforms) = preSolution
		Debug|Any CPU = Debug|Any CPU
		Release|Any CPU = Release|Any CPU
	EndGlobalSection
	GlobalSection(ProjectConfigurationPlatforms) = postSolution
		{4EF83AA0-383C-4748-9317-F0C5853FEC65}.Debug|Any CPU.ActiveCfg = Debug|Any CPU
		{4EF83AA0-383C-4748-9317-F0C5853FEC65}.Debug|Any CPU.Build.0 = Debug|Any CPU
		{4EF83AA0-383C-4748-9317-F0C5853FEC65}.Release|Any CPU.ActiveCfg = Release|Any CPU
		{4EF83AA0-383C-4748-9317-F0C5853FEC65}.Release|Any CPU.Build.0 = Release|Any CPU
	EndGlobalSection
	GlobalSection(SolutionProperties) = preSolution
		HideSolutionNode = FALSE
	EndGlobalSection
	GlobalSection(ExtensibilityGlobals) = postSolution
		SolutionGuid = {D9D6641A-9D4B-430B-B35A-C3ABCA0BC941}
	EndGlobalSection
EndGlobal
